
Microsoft Visual Studio Solution File, Format Version 12.00
# Visual Studio Version 17
VisualStudioVersion = 17.9.34607.119
MinimumVisualStudioVersion = 10.0.40219.1
Project("{FAE04EC0-301F-11D3-BF4B-00C04F79EFBC}") = "BETarjeta", "BETarjeta\BETarjeta.csproj", "{A100FF1B-412D-4E8B-AE9E-9DF1617F07BB}"
EndProject
Global
	GlobalSection(SolutionConfigurationPlatforms) = preSolution
		Debug|Any CPU = Debug|Any CPU
		Release|Any CPU = Release|Any CPU
	EndGlobalSection
	GlobalSection(ProjectConfigurationPlatforms) = postSolution
		{A100FF1B-412D-4E8B-AE9E-9DF1617F07BB}.Debug|Any CPU.ActiveCfg = Debug|Any CPU
		{A100FF1B-412D-4E8B-AE9E-9DF1617F07BB}.Debug|Any CPU.Build.0 = Debug|Any CPU
		{A100FF1B-412D-4E8B-AE9E-9DF1617F07BB}.Release|Any CPU.ActiveCfg = Release|Any CPU
		{A100FF1B-412D-4E8B-AE9E-9DF1617F07BB}.Release|Any CPU.Build.0 = Release|Any CPU
	EndGlobalSection
	GlobalSection(SolutionProperties) = preSolution
		HideSolutionNode = FALSE
	EndGlobalSection
	GlobalSection(ExtensibilityGlobals) = postSolution
		SolutionGuid = {D1370222-2721-44C5-BEBB-FC8514A7C574}
	EndGlobalSection
EndGlobal
